
Microsoft Visual Studio Solution File, Format Version 12.00
# Visual Studio 2015
Project("{FAE04EC0-301F-11D3-BF4B-00C04F79EFBC}") = "Demo_20180106_Tank.CSharp.Plugins", "Demo_20180106_Tank.CSharp.Plugins.csproj", "{AFE34CE4-C0CE-F8FB-6654-8DA71F7523BA}"
EndProject
Project("{FAE04EC0-301F-11D3-BF4B-00C04F79EFBC}") = "Demo_20180106_Tank.CSharp", "Demo_20180106_Tank.CSharp.csproj", "{72A97950-FDFA-E661-9C6D-09618363CE36}"
EndProject
Project("{FAE04EC0-301F-11D3-BF4B-00C04F79EFBC}") = "Demo_20180106_Tank.CSharp.Editor", "Demo_20180106_Tank.CSharp.Editor.csproj", "{6BC39E13-4A28-6C3C-1000-F765D4D6DF97}"
EndProject
Global
	GlobalSection(SolutionConfigurationPlatforms) = preSolution
		Debug|Any CPU = Debug|Any CPU
		Release|Any CPU = Release|Any CPU
	EndGlobalSection
	GlobalSection(ProjectConfigurationPlatforms) = postSolution
		{AFE34CE4-C0CE-F8FB-6654-8DA71F7523BA}.Debug|Any CPU.ActiveCfg = Debug|Any CPU
		{AFE34CE4-C0CE-F8FB-6654-8DA71F7523BA}.Debug|Any CPU.Build.0 = Debug|Any CPU
		{AFE34CE4-C0CE-F8FB-6654-8DA71F7523BA}.Release|Any CPU.ActiveCfg = Release|Any CPU
		{AFE34CE4-C0CE-F8FB-6654-8DA71F7523BA}.Release|Any CPU.Build.0 = Release|Any CPU
		{72A97950-FDFA-E661-9C6D-09618363CE36}.Debug|Any CPU.ActiveCfg = Debug|Any CPU
		{72A97950-FDFA-E661-9C6D-09618363CE36}.Debug|Any CPU.Build.0 = Debug|Any CPU
		{72A97950-FDFA-E661-9C6D-09618363CE36}.Release|Any CPU.ActiveCfg = Release|Any CPU
		{72A97950-FDFA-E661-9C6D-09618363CE36}.Release|Any CPU.Build.0 = Release|Any CPU
		{6BC39E13-4A28-6C3C-1000-F765D4D6DF97}.Debug|Any CPU.ActiveCfg = Debug|Any CPU
		{6BC39E13-4A28-6C3C-1000-F765D4D6DF97}.Debug|Any CPU.Build.0 = Debug|Any CPU
		{6BC39E13-4A28-6C3C-1000-F765D4D6DF97}.Release|Any CPU.ActiveCfg = Release|Any CPU
		{6BC39E13-4A28-6C3C-1000-F765D4D6DF97}.Release|Any CPU.Build.0 = Release|Any CPU
	EndGlobalSection
	GlobalSection(SolutionProperties) = preSolution
		HideSolutionNode = FALSE
	EndGlobalSection
EndGlobal
