
Microsoft Visual Studio Solution File, Format Version 12.00
# Visual Studio 2015
Project("{FAE04EC0-301F-11D3-BF4B-00C04F79EFBC}") = "APEXOrigin.CSharp", "APEXOrigin.CSharp.csproj", "{5CCA3248-3D73-0073-96D8-810E6FF13210}"
EndProject
Project("{FAE04EC0-301F-11D3-BF4B-00C04F79EFBC}") = "APEXOrigin.CSharp.Editor", "APEXOrigin.CSharp.Editor.csproj", "{56DF9317-E72E-AEFB-9BEA-B34CF3C74893}"
EndProject
Global
	GlobalSection(SolutionConfigurationPlatforms) = preSolution
		Debug|Any CPU = Debug|Any CPU
		Release|Any CPU = Release|Any CPU
	EndGlobalSection
	GlobalSection(ProjectConfigurationPlatforms) = postSolution
		{5CCA3248-3D73-0073-96D8-810E6FF13210}.Debug|Any CPU.ActiveCfg = Debug|Any CPU
		{5CCA3248-3D73-0073-96D8-810E6FF13210}.Debug|Any CPU.Build.0 = Debug|Any CPU
		{5CCA3248-3D73-0073-96D8-810E6FF13210}.Release|Any CPU.ActiveCfg = Release|Any CPU
		{5CCA3248-3D73-0073-96D8-810E6FF13210}.Release|Any CPU.Build.0 = Release|Any CPU
		{56DF9317-E72E-AEFB-9BEA-B34CF3C74893}.Debug|Any CPU.ActiveCfg = Debug|Any CPU
		{56DF9317-E72E-AEFB-9BEA-B34CF3C74893}.Debug|Any CPU.Build.0 = Debug|Any CPU
		{56DF9317-E72E-AEFB-9BEA-B34CF3C74893}.Release|Any CPU.ActiveCfg = Release|Any CPU
		{56DF9317-E72E-AEFB-9BEA-B34CF3C74893}.Release|Any CPU.Build.0 = Release|Any CPU
	EndGlobalSection
	GlobalSection(SolutionProperties) = preSolution
		HideSolutionNode = FALSE
	EndGlobalSection
EndGlobal
